
Microsoft Visual Studio Solution File, Format Version 12.00
# Visual Studio Version 17
VisualStudioVersion = 17.5.33516.290
MinimumVisualStudioVersion = 10.0.40219.1
Project("{FAE04EC0-301F-11D3-BF4B-00C04F79EFBC}") = "integer", "integer\integer.csproj", "{5242A18F-436C-4DC7-8006-CB2DBE27D534}"
EndProject
Global
	GlobalSection(SolutionConfigurationPlatforms) = preSolution
		Debug|Any CPU = Debug|Any CPU
		Release|Any CPU = Release|Any CPU
	EndGlobalSection
	GlobalSection(ProjectConfigurationPlatforms) = postSolution
		{5242A18F-436C-4DC7-8006-CB2DBE27D534}.Debug|Any CPU.ActiveCfg = Debug|Any CPU
		{5242A18F-436C-4DC7-8006-CB2DBE27D534}.Debug|Any CPU.Build.0 = Debug|Any CPU
		{5242A18F-436C-4DC7-8006-CB2DBE27D534}.Release|Any CPU.ActiveCfg = Release|Any CPU
		{5242A18F-436C-4DC7-8006-CB2DBE27D534}.Release|Any CPU.Build.0 = Release|Any CPU
	EndGlobalSection
	GlobalSection(SolutionProperties) = preSolution
		HideSolutionNode = FALSE
	EndGlobalSection
	GlobalSection(ExtensibilityGlobals) = postSolution
		SolutionGuid = {B530EE2B-6BFD-4E1A-9E47-6F68C35EB455}
	EndGlobalSection
EndGlobal
