
Microsoft Visual Studio Solution File, Format Version 12.00
# Visual Studio Version 17
VisualStudioVersion = 17.5.33516.290
MinimumVisualStudioVersion = 10.0.40219.1
Project("{FAE04EC0-301F-11D3-BF4B-00C04F79EFBC}") = "BasicMath", "BasicMath\BasicMath.csproj", "{AE254017-A131-490B-8544-496DE7FBAC8E}"
EndProject
Project("{FAE04EC0-301F-11D3-BF4B-00C04F79EFBC}") = "BasicMathUnitTest", "BasicMathUnitTest\BasicMathUnitTest.csproj", "{31A05FCA-B566-47FF-9CCE-C5770B4B6E53}"
EndProject
Global
	GlobalSection(SolutionConfigurationPlatforms) = preSolution
		Debug|Any CPU = Debug|Any CPU
		Release|Any CPU = Release|Any CPU
	EndGlobalSection
	GlobalSection(ProjectConfigurationPlatforms) = postSolution
		{AE254017-A131-490B-8544-496DE7FBAC8E}.Debug|Any CPU.ActiveCfg = Debug|Any CPU
		{AE254017-A131-490B-8544-496DE7FBAC8E}.Debug|Any CPU.Build.0 = Debug|Any CPU
		{AE254017-A131-490B-8544-496DE7FBAC8E}.Release|Any CPU.ActiveCfg = Release|Any CPU
		{AE254017-A131-490B-8544-496DE7FBAC8E}.Release|Any CPU.Build.0 = Release|Any CPU
		{31A05FCA-B566-47FF-9CCE-C5770B4B6E53}.Debug|Any CPU.ActiveCfg = Debug|Any CPU
		{31A05FCA-B566-47FF-9CCE-C5770B4B6E53}.Debug|Any CPU.Build.0 = Debug|Any CPU
		{31A05FCA-B566-47FF-9CCE-C5770B4B6E53}.Release|Any CPU.ActiveCfg = Release|Any CPU
		{31A05FCA-B566-47FF-9CCE-C5770B4B6E53}.Release|Any CPU.Build.0 = Release|Any CPU
	EndGlobalSection
	GlobalSection(SolutionProperties) = preSolution
		HideSolutionNode = FALSE
	EndGlobalSection
	GlobalSection(ExtensibilityGlobals) = postSolution
		SolutionGuid = {A9D40AEE-4084-4321-93FE-EF29C91DACE2}
	EndGlobalSection
EndGlobal
