
Microsoft Visual Studio Solution File, Format Version 12.00
# Visual Studio Version 17
VisualStudioVersion = 17.5.33516.290
MinimumVisualStudioVersion = 10.0.40219.1
Project("{FAE04EC0-301F-11D3-BF4B-00C04F79EFBC}") = "basic2", "basic2\basic2.csproj", "{86173BC7-6BB2-44C7-8345-67836511B663}"
EndProject
Global
	GlobalSection(SolutionConfigurationPlatforms) = preSolution
		Debug|Any CPU = Debug|Any CPU
		Release|Any CPU = Release|Any CPU
	EndGlobalSection
	GlobalSection(ProjectConfigurationPlatforms) = postSolution
		{86173BC7-6BB2-44C7-8345-67836511B663}.Debug|Any CPU.ActiveCfg = Debug|Any CPU
		{86173BC7-6BB2-44C7-8345-67836511B663}.Debug|Any CPU.Build.0 = Debug|Any CPU
		{86173BC7-6BB2-44C7-8345-67836511B663}.Release|Any CPU.ActiveCfg = Release|Any CPU
		{86173BC7-6BB2-44C7-8345-67836511B663}.Release|Any CPU.Build.0 = Release|Any CPU
	EndGlobalSection
	GlobalSection(SolutionProperties) = preSolution
		HideSolutionNode = FALSE
	EndGlobalSection
	GlobalSection(ExtensibilityGlobals) = postSolution
		SolutionGuid = {C9B04A09-536A-46C0-9623-03C345DE0836}
	EndGlobalSection
EndGlobal
