
Microsoft Visual Studio Solution File, Format Version 12.00
# Visual Studio Version 17
VisualStudioVersion = 17.5.33516.290
MinimumVisualStudioVersion = 10.0.40219.1
Project("{FAE04EC0-301F-11D3-BF4B-00C04F79EFBC}") = "string8", "string8\string8.csproj", "{55CA85C5-B58E-443A-AE31-99A7A292F540}"
EndProject
Global
	GlobalSection(SolutionConfigurationPlatforms) = preSolution
		Debug|Any CPU = Debug|Any CPU
		Release|Any CPU = Release|Any CPU
	EndGlobalSection
	GlobalSection(ProjectConfigurationPlatforms) = postSolution
		{55CA85C5-B58E-443A-AE31-99A7A292F540}.Debug|Any CPU.ActiveCfg = Debug|Any CPU
		{55CA85C5-B58E-443A-AE31-99A7A292F540}.Debug|Any CPU.Build.0 = Debug|Any CPU
		{55CA85C5-B58E-443A-AE31-99A7A292F540}.Release|Any CPU.ActiveCfg = Release|Any CPU
		{55CA85C5-B58E-443A-AE31-99A7A292F540}.Release|Any CPU.Build.0 = Release|Any CPU
	EndGlobalSection
	GlobalSection(SolutionProperties) = preSolution
		HideSolutionNode = FALSE
	EndGlobalSection
	GlobalSection(ExtensibilityGlobals) = postSolution
		SolutionGuid = {C682F122-CAF8-41BF-B243-FCF34493396E}
	EndGlobalSection
EndGlobal
