
Microsoft Visual Studio Solution File, Format Version 12.00
# Visual Studio Version 17
VisualStudioVersion = 17.5.33516.290
MinimumVisualStudioVersion = 10.0.40219.1
Project("{FAE04EC0-301F-11D3-BF4B-00C04F79EFBC}") = "exceptn2", "exceptn2\exceptn2.csproj", "{B89CDD29-245E-4914-BD3F-55AD8C2A07C0}"
EndProject
Global
	GlobalSection(SolutionConfigurationPlatforms) = preSolution
		Debug|Any CPU = Debug|Any CPU
		Release|Any CPU = Release|Any CPU
	EndGlobalSection
	GlobalSection(ProjectConfigurationPlatforms) = postSolution
		{B89CDD29-245E-4914-BD3F-55AD8C2A07C0}.Debug|Any CPU.ActiveCfg = Debug|Any CPU
		{B89CDD29-245E-4914-BD3F-55AD8C2A07C0}.Debug|Any CPU.Build.0 = Debug|Any CPU
		{B89CDD29-245E-4914-BD3F-55AD8C2A07C0}.Release|Any CPU.ActiveCfg = Release|Any CPU
		{B89CDD29-245E-4914-BD3F-55AD8C2A07C0}.Release|Any CPU.Build.0 = Release|Any CPU
	EndGlobalSection
	GlobalSection(SolutionProperties) = preSolution
		HideSolutionNode = FALSE
	EndGlobalSection
	GlobalSection(ExtensibilityGlobals) = postSolution
		SolutionGuid = {459B4C7A-5757-44AD-AABE-DE37B879A3C6}
	EndGlobalSection
EndGlobal
