
Microsoft Visual Studio Solution File, Format Version 12.00
# Visual Studio Version 17
VisualStudioVersion = 17.5.33516.290
MinimumVisualStudioVersion = 10.0.40219.1
Project("{FAE04EC0-301F-11D3-BF4B-00C04F79EFBC}") = "string1", "string1\string1.csproj", "{C776AA17-02D0-466C-872B-43CB572C263E}"
EndProject
Global
	GlobalSection(SolutionConfigurationPlatforms) = preSolution
		Debug|Any CPU = Debug|Any CPU
		Release|Any CPU = Release|Any CPU
	EndGlobalSection
	GlobalSection(ProjectConfigurationPlatforms) = postSolution
		{C776AA17-02D0-466C-872B-43CB572C263E}.Debug|Any CPU.ActiveCfg = Debug|Any CPU
		{C776AA17-02D0-466C-872B-43CB572C263E}.Debug|Any CPU.Build.0 = Debug|Any CPU
		{C776AA17-02D0-466C-872B-43CB572C263E}.Release|Any CPU.ActiveCfg = Release|Any CPU
		{C776AA17-02D0-466C-872B-43CB572C263E}.Release|Any CPU.Build.0 = Release|Any CPU
	EndGlobalSection
	GlobalSection(SolutionProperties) = preSolution
		HideSolutionNode = FALSE
	EndGlobalSection
	GlobalSection(ExtensibilityGlobals) = postSolution
		SolutionGuid = {5FDAB50B-581F-45A9-9A00-878A01DC6673}
	EndGlobalSection
EndGlobal
