
Microsoft Visual Studio Solution File, Format Version 12.00
# Visual Studio Version 17
VisualStudioVersion = 17.5.33516.290
MinimumVisualStudioVersion = 10.0.40219.1
Project("{FAE04EC0-301F-11D3-BF4B-00C04F79EFBC}") = "StuAPI", "StuAPI\StuAPI.csproj", "{1B75804E-F3AB-4352-8C00-9E100E8832C8}"
EndProject
Global
	GlobalSection(SolutionConfigurationPlatforms) = preSolution
		Debug|Any CPU = Debug|Any CPU
		Release|Any CPU = Release|Any CPU
	EndGlobalSection
	GlobalSection(ProjectConfigurationPlatforms) = postSolution
		{1B75804E-F3AB-4352-8C00-9E100E8832C8}.Debug|Any CPU.ActiveCfg = Debug|Any CPU
		{1B75804E-F3AB-4352-8C00-9E100E8832C8}.Debug|Any CPU.Build.0 = Debug|Any CPU
		{1B75804E-F3AB-4352-8C00-9E100E8832C8}.Release|Any CPU.ActiveCfg = Release|Any CPU
		{1B75804E-F3AB-4352-8C00-9E100E8832C8}.Release|Any CPU.Build.0 = Release|Any CPU
	EndGlobalSection
	GlobalSection(SolutionProperties) = preSolution
		HideSolutionNode = FALSE
	EndGlobalSection
	GlobalSection(ExtensibilityGlobals) = postSolution
		SolutionGuid = {20F88FC2-A50E-4642-9492-248D8F7E21BC}
	EndGlobalSection
EndGlobal
