
Microsoft Visual Studio Solution File, Format Version 12.00
# Visual Studio Version 17
VisualStudioVersion = 17.5.33516.290
MinimumVisualStudioVersion = 10.0.40219.1
Project("{FAE04EC0-301F-11D3-BF4B-00C04F79EFBC}") = "one's", "one's\one's.csproj", "{33591C4E-1254-404A-8F2D-E73BF95804DB}"
EndProject
Global
	GlobalSection(SolutionConfigurationPlatforms) = preSolution
		Debug|Any CPU = Debug|Any CPU
		Release|Any CPU = Release|Any CPU
	EndGlobalSection
	GlobalSection(ProjectConfigurationPlatforms) = postSolution
		{33591C4E-1254-404A-8F2D-E73BF95804DB}.Debug|Any CPU.ActiveCfg = Debug|Any CPU
		{33591C4E-1254-404A-8F2D-E73BF95804DB}.Debug|Any CPU.Build.0 = Debug|Any CPU
		{33591C4E-1254-404A-8F2D-E73BF95804DB}.Release|Any CPU.ActiveCfg = Release|Any CPU
		{33591C4E-1254-404A-8F2D-E73BF95804DB}.Release|Any CPU.Build.0 = Release|Any CPU
	EndGlobalSection
	GlobalSection(SolutionProperties) = preSolution
		HideSolutionNode = FALSE
	EndGlobalSection
	GlobalSection(ExtensibilityGlobals) = postSolution
		SolutionGuid = {D22649CC-2988-4D4D-8F67-3A092DB41C7F}
	EndGlobalSection
EndGlobal
